
Microsoft Visual Studio Solution File, Format Version 11.00
# Visual Studio 2010
Project("{FAE04EC0-301F-11D3-BF4B-00C04F79EFBC}") = "Npgsql_Helper_", "Npgsql_Helper_.csproj", "{540D84D0-8B1F-404B-9AA7-1273B0B8FFC3}"
EndProject
Project("{FAE04EC0-301F-11D3-BF4B-00C04F79EFBC}") = "Test_examples", "Test_examples\Test_examples\Test_examples.csproj", "{E4A1C85B-843C-4990-AB77-BF86A1E4DB7E}"
EndProject
Global
	GlobalSection(SolutionConfigurationPlatforms) = preSolution
		Debug|Any CPU = Debug|Any CPU
		Debug|Mixed Platforms = Debug|Mixed Platforms
		Debug|x86 = Debug|x86
		Release|Any CPU = Release|Any CPU
		Release|Mixed Platforms = Release|Mixed Platforms
		Release|x86 = Release|x86
	EndGlobalSection
	GlobalSection(ProjectConfigurationPlatforms) = postSolution
		{540D84D0-8B1F-404B-9AA7-1273B0B8FFC3}.Debug|Any CPU.ActiveCfg = Debug|Any CPU
		{540D84D0-8B1F-404B-9AA7-1273B0B8FFC3}.Debug|Any CPU.Build.0 = Debug|Any CPU
		{540D84D0-8B1F-404B-9AA7-1273B0B8FFC3}.Debug|Mixed Platforms.ActiveCfg = Debug|Any CPU
		{540D84D0-8B1F-404B-9AA7-1273B0B8FFC3}.Debug|Mixed Platforms.Build.0 = Debug|Any CPU
		{540D84D0-8B1F-404B-9AA7-1273B0B8FFC3}.Debug|x86.ActiveCfg = Debug|Any CPU
		{540D84D0-8B1F-404B-9AA7-1273B0B8FFC3}.Release|Any CPU.ActiveCfg = Release|Any CPU
		{540D84D0-8B1F-404B-9AA7-1273B0B8FFC3}.Release|Any CPU.Build.0 = Release|Any CPU
		{540D84D0-8B1F-404B-9AA7-1273B0B8FFC3}.Release|Mixed Platforms.ActiveCfg = Release|Any CPU
		{540D84D0-8B1F-404B-9AA7-1273B0B8FFC3}.Release|Mixed Platforms.Build.0 = Release|Any CPU
		{540D84D0-8B1F-404B-9AA7-1273B0B8FFC3}.Release|x86.ActiveCfg = Release|Any CPU
		{E4A1C85B-843C-4990-AB77-BF86A1E4DB7E}.Debug|Any CPU.ActiveCfg = Debug|x86
		{E4A1C85B-843C-4990-AB77-BF86A1E4DB7E}.Debug|Mixed Platforms.ActiveCfg = Debug|x86
		{E4A1C85B-843C-4990-AB77-BF86A1E4DB7E}.Debug|Mixed Platforms.Build.0 = Debug|x86
		{E4A1C85B-843C-4990-AB77-BF86A1E4DB7E}.Debug|x86.ActiveCfg = Debug|x86
		{E4A1C85B-843C-4990-AB77-BF86A1E4DB7E}.Debug|x86.Build.0 = Debug|x86
		{E4A1C85B-843C-4990-AB77-BF86A1E4DB7E}.Release|Any CPU.ActiveCfg = Release|x86
		{E4A1C85B-843C-4990-AB77-BF86A1E4DB7E}.Release|Mixed Platforms.ActiveCfg = Release|x86
		{E4A1C85B-843C-4990-AB77-BF86A1E4DB7E}.Release|Mixed Platforms.Build.0 = Release|x86
		{E4A1C85B-843C-4990-AB77-BF86A1E4DB7E}.Release|x86.ActiveCfg = Release|x86
		{E4A1C85B-843C-4990-AB77-BF86A1E4DB7E}.Release|x86.Build.0 = Release|x86
	EndGlobalSection
	GlobalSection(SolutionProperties) = preSolution
		HideSolutionNode = FALSE
	EndGlobalSection
EndGlobal
